// !$*UTF8*$!
{
	archiveVersion = 1;
	classes = {
	};
	objectVersion = 55;
	objects = {

/* Begin PBXBuildFile section */
		2211E0703957CB02B3F52C8A /* libPods-TestAppUnitTests.a in Frameworks */ = {isa = PBXBuildFile; fileRef = 27B51CB6DBF35ACEDEE201E7 /* libPods-TestAppUnitTests.a */; };
		CB772FFC2AEB9176000F0C43 /* AppDelegate.m in Sources */ = {isa = PBXBuildFile; fileRef = CB772FFB2AEB9176000F0C43 /* AppDelegate.m */; };
		CB772FFF2AEB9176000F0C43 /* SceneDelegate.m in Sources */ = {isa = PBXBuildFile; fileRef = CB772FFE2AEB9176000F0C43 /* SceneDelegate.m */; };
		CB7730022AEB9176000F0C43 /* ViewController.m in Sources */ = {isa = PBXBuildFile; fileRef = CB7730012AEB9176000F0C43 /* ViewController.m */; };
		CB7730052AEB9176000F0C43 /* Main.storyboard in Resources */ = {isa = PBXBuildFile; fileRef = CB7730032AEB9176000F0C43 /* Main.storyboard */; };
		CB7730072AEB9177000F0C43 /* Assets.xcassets in Resources */ = {isa = PBXBuildFile; fileRef = CB7730062AEB9177000F0C43 /* Assets.xcassets */; };
		CB77300A2AEB9177000F0C43 /* LaunchScreen.storyboard in Resources */ = {isa = PBXBuildFile; fileRef = CB7730082AEB9177000F0C43 /* LaunchScreen.storyboard */; };
		CB77300D2AEB9177000F0C43 /* main.m in Sources */ = {isa = PBXBuildFile; fileRef = CB77300C2AEB9177000F0C43 /* main.m */; };
		CB7730172AEB9177000F0C43 /* TestAppDemoTests.m in Sources */ = {isa = PBXBuildFile; fileRef = CB7730162AEB9177000F0C43 /* TestAppDemoTests.m */; };
		CB77304E2AEF8922000F0C43 /* Podfile in Resources */ = {isa = PBXBuildFile; fileRef = CB77304D2AEF8922000F0C43 /* Podfile */; };
		CB7730502AEF8BA4000F0C43 /* README.md in Resources */ = {isa = PBXBuildFile; fileRef = CB77304F2AEF8BA4000F0C43 /* README.md */; };
		CB7730582AEF9D5F000F0C43 /* TestAppUnitTests.m in Sources */ = {isa = PBXBuildFile; fileRef = CB7730572AEF9D5F000F0C43 /* TestAppUnitTests.m */; };
		F7802511A7DD103DE239554E /* libPods-TestAppTests.a in Frameworks */ = {isa = PBXBuildFile; fileRef = 40E6C76629703318BA288474 /* libPods-TestAppTests.a */; };
/* End PBXBuildFile section */

/* Begin PBXContainerItemProxy section */
		CB7730132AEB9177000F0C43 /* PBXContainerItemProxy */ = {
			isa = PBXContainerItemProxy;
			containerPortal = CB772FEF2AEB9176000F0C43 /* Project object */;
			proxyType = 1;
			remoteGlobalIDString = CB772FF62AEB9176000F0C43;
			remoteInfo = TestApp;
		};
		CB77301D2AEB9177000F0C43 /* PBXContainerItemProxy */ = {
			isa = PBXContainerItemProxy;
			containerPortal = CB772FEF2AEB9176000F0C43 /* Project object */;
			proxyType = 1;
			remoteGlobalIDString = CB772FF62AEB9176000F0C43;
			remoteInfo = TestApp;
		};
		CB7730592AEF9D5F000F0C43 /* PBXContainerItemProxy */ = {
			isa = PBXContainerItemProxy;
			containerPortal = CB772FEF2AEB9176000F0C43 /* Project object */;
			proxyType = 1;
			remoteGlobalIDString = CB772FF62AEB9176000F0C43;
			remoteInfo = TestApp;
		};
/* End PBXContainerItemProxy section */

/* Begin PBXFileReference section */
		04B346701F5C5015286DFD0E /* Pods-TestAppUnitTests.debug.xcconfig */ = {isa = PBXFileReference; includeInIndex = 1; lastKnownFileType = text.xcconfig; name = "Pods-TestAppUnitTests.debug.xcconfig"; path = "Target Support Files/Pods-TestAppUnitTests/Pods-TestAppUnitTests.debug.xcconfig"; sourceTree = "<group>"; };
		2488F58574095C26ED028C86 /* Pods-TestAppTests.release.xcconfig */ = {isa = PBXFileReference; includeInIndex = 1; lastKnownFileType = text.xcconfig; name = "Pods-TestAppTests.release.xcconfig"; path = "Target Support Files/Pods-TestAppTests/Pods-TestAppTests.release.xcconfig"; sourceTree = "<group>"; };
		27B51CB6DBF35ACEDEE201E7 /* libPods-TestAppUnitTests.a */ = {isa = PBXFileReference; explicitFileType = archive.ar; includeInIndex = 0; path = "libPods-TestAppUnitTests.a"; sourceTree = BUILT_PRODUCTS_DIR; };
		40E6C76629703318BA288474 /* libPods-TestAppTests.a */ = {isa = PBXFileReference; explicitFileType = archive.ar; includeInIndex = 0; path = "libPods-TestAppTests.a"; sourceTree = BUILT_PRODUCTS_DIR; };
		7D72A92E448A88171E09971E /* Pods-TestAppUnitTests.release.xcconfig */ = {isa = PBXFileReference; includeInIndex = 1; lastKnownFileType = text.xcconfig; name = "Pods-TestAppUnitTests.release.xcconfig"; path = "Target Support Files/Pods-TestAppUnitTests/Pods-TestAppUnitTests.release.xcconfig"; sourceTree = "<group>"; };
		CB772FF72AEB9176000F0C43 /* TestApp.app */ = {isa = PBXFileReference; explicitFileType = wrapper.application; includeInIndex = 0; path = TestApp.app; sourceTree = BUILT_PRODUCTS_DIR; };
		CB772FFA2AEB9176000F0C43 /* AppDelegate.h */ = {isa = PBXFileReference; lastKnownFileType = sourcecode.c.h; path = AppDelegate.h; sourceTree = "<group>"; };
		CB772FFB2AEB9176000F0C43 /* AppDelegate.m */ = {isa = PBXFileReference; lastKnownFileType = sourcecode.c.objc; path = AppDelegate.m; sourceTree = "<group>"; };
		CB772FFD2AEB9176000F0C43 /* SceneDelegate.h */ = {isa = PBXFileReference; lastKnownFileType = sourcecode.c.h; path = SceneDelegate.h; sourceTree = "<group>"; };
		CB772FFE2AEB9176000F0C43 /* SceneDelegate.m */ = {isa = PBXFileReference; lastKnownFileType = sourcecode.c.objc; path = SceneDelegate.m; sourceTree = "<group>"; };
		CB7730002AEB9176000F0C43 /* ViewController.h */ = {isa = PBXFileReference; lastKnownFileType = sourcecode.c.h; path = ViewController.h; sourceTree = "<group>"; };
		CB7730012AEB9176000F0C43 /* ViewController.m */ = {isa = PBXFileReference; lastKnownFileType = sourcecode.c.objc; path = ViewController.m; sourceTree = "<group>"; };
		CB7730042AEB9176000F0C43 /* Base */ = {isa = PBXFileReference; lastKnownFileType = file.storyboard; name = Base; path = Base.lproj/Main.storyboard; sourceTree = "<group>"; };
		CB7730062AEB9177000F0C43 /* Assets.xcassets */ = {isa = PBXFileReference; lastKnownFileType = folder.assetcatalog; path = Assets.xcassets; sourceTree = "<group>"; };
		CB7730092AEB9177000F0C43 /* Base */ = {isa = PBXFileReference; lastKnownFileType = file.storyboard; name = Base; path = Base.lproj/LaunchScreen.storyboard; sourceTree = "<group>"; };
		CB77300B2AEB9177000F0C43 /* Info.plist */ = {isa = PBXFileReference; lastKnownFileType = text.plist.xml; path = Info.plist; sourceTree = "<group>"; };
		CB77300C2AEB9177000F0C43 /* main.m */ = {isa = PBXFileReference; lastKnownFileType = sourcecode.c.objc; path = main.m; sourceTree = "<group>"; };
		CB7730122AEB9177000F0C43 /* TestAppTests.xctest */ = {isa = PBXFileReference; explicitFileType = wrapper.cfbundle; includeInIndex = 0; path = TestAppTests.xctest; sourceTree = BUILT_PRODUCTS_DIR; };
		CB7730162AEB9177000F0C43 /* TestAppDemoTests.m */ = {isa = PBXFileReference; lastKnownFileType = sourcecode.c.objc; path = TestAppDemoTests.m; sourceTree = "<group>"; };
		CB77301C2AEB9177000F0C43 /* TestAppUITests.xctest */ = {isa = PBXFileReference; explicitFileType = wrapper.cfbundle; includeInIndex = 0; path = TestAppUITests.xctest; sourceTree = BUILT_PRODUCTS_DIR; };
		CB77304D2AEF8922000F0C43 /* Podfile */ = {isa = PBXFileReference; fileEncoding = 4; lastKnownFileType = text; path = Podfile; sourceTree = "<group>"; };
		CB77304F2AEF8BA4000F0C43 /* README.md */ = {isa = PBXFileReference; fileEncoding = 4; lastKnownFileType = net.daringfireball.markdown; path = README.md; sourceTree = "<group>"; };
		CB7730552AEF9D5F000F0C43 /* TestAppUnitTests.xctest */ = {isa = PBXFileReference; explicitFileType = wrapper.cfbundle; includeInIndex = 0; path = TestAppUnitTests.xctest; sourceTree = BUILT_PRODUCTS_DIR; };
		CB7730572AEF9D5F000F0C43 /* TestAppUnitTests.m */ = {isa = PBXFileReference; lastKnownFileType = sourcecode.c.objc; path = TestAppUnitTests.m; sourceTree = "<group>"; };
		EE790568CE25D271CF2D6B45 /* Pods-TestAppTests.debug.xcconfig */ = {isa = PBXFileReference; includeInIndex = 1; lastKnownFileType = text.xcconfig; name = "Pods-TestAppTests.debug.xcconfig"; path = "Target Support Files/Pods-TestAppTests/Pods-TestAppTests.debug.xcconfig"; sourceTree = "<group>"; };
/* End PBXFileReference section */

/* Begin PBXFrameworksBuildPhase section */
		CB772FF42AEB9176000F0C43 /* Frameworks */ = {
			isa = PBXFrameworksBuildPhase;
			buildActionMask = 2147483647;
			files = (
			);
			runOnlyForDeploymentPostprocessing = 0;
		};
		CB77300F2AEB9177000F0C43 /* Frameworks */ = {
			isa = PBXFrameworksBuildPhase;
			buildActionMask = 2147483647;
			files = (
				F7802511A7DD103DE239554E /* libPods-TestAppTests.a in Frameworks */,
			);
			runOnlyForDeploymentPostprocessing = 0;
		};
		CB7730192AEB9177000F0C43 /* Frameworks */ = {
			isa = PBXFrameworksBuildPhase;
			buildActionMask = 2147483647;
			files = (
			);
			runOnlyForDeploymentPostprocessing = 0;
		};
		CB7730522AEF9D5F000F0C43 /* Frameworks */ = {
			isa = PBXFrameworksBuildPhase;
			buildActionMask = 2147483647;
			files = (
				2211E0703957CB02B3F52C8A /* libPods-TestAppUnitTests.a in Frameworks */,
			);
			runOnlyForDeploymentPostprocessing = 0;
		};
/* End PBXFrameworksBuildPhase section */

/* Begin PBXGroup section */
		5998F8B8DA9E0E403150C873 /* Frameworks */ = {
			isa = PBXGroup;
			children = (
				40E6C76629703318BA288474 /* libPods-TestAppTests.a */,
				27B51CB6DBF35ACEDEE201E7 /* libPods-TestAppUnitTests.a */,
			);
			name = Frameworks;
			sourceTree = "<group>";
		};
		947A791CB092C8DA0BF97065 /* Pods */ = {
			isa = PBXGroup;
			children = (
				EE790568CE25D271CF2D6B45 /* Pods-TestAppTests.debug.xcconfig */,
				2488F58574095C26ED028C86 /* Pods-TestAppTests.release.xcconfig */,
				04B346701F5C5015286DFD0E /* Pods-TestAppUnitTests.debug.xcconfig */,
				7D72A92E448A88171E09971E /* Pods-TestAppUnitTests.release.xcconfig */,
			);
			path = Pods;
			sourceTree = "<group>";
		};
		CB772FEE2AEB9176000F0C43 = {
			isa = PBXGroup;
			children = (
				CB77304F2AEF8BA4000F0C43 /* README.md */,
				CB77304D2AEF8922000F0C43 /* Podfile */,
				CB772FF92AEB9176000F0C43 /* TestApp */,
				CB7730152AEB9177000F0C43 /* TestAppTests */,
				CB7730562AEF9D5F000F0C43 /* TestAppUnitTests */,
				CB772FF82AEB9176000F0C43 /* Products */,
				947A791CB092C8DA0BF97065 /* Pods */,
				5998F8B8DA9E0E403150C873 /* Frameworks */,
			);
			sourceTree = "<group>";
		};
		CB772FF82AEB9176000F0C43 /* Products */ = {
			isa = PBXGroup;
			children = (
				CB772FF72AEB9176000F0C43 /* TestApp.app */,
				CB7730122AEB9177000F0C43 /* TestAppTests.xctest */,
				CB77301C2AEB9177000F0C43 /* TestAppUITests.xctest */,
				CB7730552AEF9D5F000F0C43 /* TestAppUnitTests.xctest */,
			);
			name = Products;
			sourceTree = "<group>";
		};
		CB772FF92AEB9176000F0C43 /* TestApp */ = {
			isa = PBXGroup;
			children = (
				CB772FFA2AEB9176000F0C43 /* AppDelegate.h */,
				CB772FFB2AEB9176000F0C43 /* AppDelegate.m */,
				CB772FFD2AEB9176000F0C43 /* SceneDelegate.h */,
				CB772FFE2AEB9176000F0C43 /* SceneDelegate.m */,
				CB7730002AEB9176000F0C43 /* ViewController.h */,
				CB7730012AEB9176000F0C43 /* ViewController.m */,
				CB7730032AEB9176000F0C43 /* Main.storyboard */,
				CB7730062AEB9177000F0C43 /* Assets.xcassets */,
				CB7730082AEB9177000F0C43 /* LaunchScreen.storyboard */,
				CB77300B2AEB9177000F0C43 /* Info.plist */,
				CB77300C2AEB9177000F0C43 /* main.m */,
			);
			path = TestApp;
			sourceTree = "<group>";
		};
		CB7730152AEB9177000F0C43 /* TestAppTests */ = {
			isa = PBXGroup;
			children = (
				CB7730162AEB9177000F0C43 /* TestAppDemoTests.m */,
			);
			path = TestAppTests;
			sourceTree = "<group>";
		};
		CB7730562AEF9D5F000F0C43 /* TestAppUnitTests */ = {
			isa = PBXGroup;
			children = (
				CB7730572AEF9D5F000F0C43 /* TestAppUnitTests.m */,
			);
			path = TestAppUnitTests;
			sourceTree = "<group>";
		};
/* End PBXGroup section */

/* Begin PBXNativeTarget section */
		CB772FF62AEB9176000F0C43 /* TestApp */ = {
			isa = PBXNativeTarget;
			buildConfigurationList = CB7730262AEB9177000F0C43 /* Build configuration list for PBXNativeTarget "TestApp" */;
			buildPhases = (
				CB772FF32AEB9176000F0C43 /* Sources */,
				CB772FF42AEB9176000F0C43 /* Frameworks */,
				CB772FF52AEB9176000F0C43 /* Resources */,
			);
			buildRules = (
			);
			dependencies = (
			);
			name = TestApp;
			productName = TestApp;
			productReference = CB772FF72AEB9176000F0C43 /* TestApp.app */;
			productType = "com.apple.product-type.application";
		};
		CB7730112AEB9177000F0C43 /* TestAppTests */ = {
			isa = PBXNativeTarget;
			buildConfigurationList = CB7730292AEB9177000F0C43 /* Build configuration list for PBXNativeTarget "TestAppTests" */;
			buildPhases = (
				F018DBAD1F63EF9BF45D93C2 /* [CP] Check Pods Manifest.lock */,
				CB77300E2AEB9177000F0C43 /* Sources */,
				CB77300F2AEB9177000F0C43 /* Frameworks */,
				CB7730102AEB9177000F0C43 /* Resources */,
			);
			buildRules = (
			);
			dependencies = (
				CB7730142AEB9177000F0C43 /* PBXTargetDependency */,
			);
			name = TestAppTests;
			productName = TestAppTests;
			productReference = CB7730122AEB9177000F0C43 /* TestAppTests.xctest */;
			productType = "com.apple.product-type.bundle.unit-test";
		};
		CB77301B2AEB9177000F0C43 /* TestAppUITests */ = {
			isa = PBXNativeTarget;
			buildConfigurationList = CB77302C2AEB9177000F0C43 /* Build configuration list for PBXNativeTarget "TestAppUITests" */;
			buildPhases = (
				CB7730182AEB9177000F0C43 /* Sources */,
				CB7730192AEB9177000F0C43 /* Frameworks */,
				CB77301A2AEB9177000F0C43 /* Resources */,
			);
			buildRules = (
			);
			dependencies = (
				CB77301E2AEB9177000F0C43 /* PBXTargetDependency */,
			);
			name = TestAppUITests;
			productName = TestAppUITests;
			productReference = CB77301C2AEB9177000F0C43 /* TestAppUITests.xctest */;
			productType = "com.apple.product-type.bundle.ui-testing";
		};
		CB7730542AEF9D5F000F0C43 /* TestAppUnitTests */ = {
			isa = PBXNativeTarget;
			buildConfigurationList = CB77305B2AEF9D5F000F0C43 /* Build configuration list for PBXNativeTarget "TestAppUnitTests" */;
			buildPhases = (
				CF81CA758D8AC850C72A4C0D /* [CP] Check Pods Manifest.lock */,
				CB7730512AEF9D5F000F0C43 /* Sources */,
				CB7730522AEF9D5F000F0C43 /* Frameworks */,
				CB7730532AEF9D5F000F0C43 /* Resources */,
			);
			buildRules = (
			);
			dependencies = (
				CB77305A2AEF9D5F000F0C43 /* PBXTargetDependency */,
			);
			name = TestAppUnitTests;
			productName = TestAppUnitTests;
			productReference = CB7730552AEF9D5F000F0C43 /* TestAppUnitTests.xctest */;
			productType = "com.apple.product-type.bundle.unit-test";
		};
/* End PBXNativeTarget section */

/* Begin PBXProject section */
		CB772FEF2AEB9176000F0C43 /* Project object */ = {
			isa = PBXProject;
			attributes = {
				BuildIndependentTargetsInParallel = 1;
				LastUpgradeCheck = 1340;
				TargetAttributes = {
					CB772FF62AEB9176000F0C43 = {
						CreatedOnToolsVersion = 13.4;
					};
					CB7730112AEB9177000F0C43 = {
						CreatedOnToolsVersion = 13.4;
						TestTargetID = CB772FF62AEB9176000F0C43;
					};
					CB77301B2AEB9177000F0C43 = {
						CreatedOnToolsVersion = 13.4;
						TestTargetID = CB772FF62AEB9176000F0C43;
					};
					CB7730542AEF9D5F000F0C43 = {
						CreatedOnToolsVersion = 13.4;
						TestTargetID = CB772FF62AEB9176000F0C43;
					};
				};
			};
			buildConfigurationList = CB772FF22AEB9176000F0C43 /* Build configuration list for PBXProject "TestApp" */;
			compatibilityVersion = "Xcode 13.0";
			developmentRegion = en;
			hasScannedForEncodings = 0;
			knownRegions = (
				en,
				Base,
			);
			mainGroup = CB772FEE2AEB9176000F0C43;
			productRefGroup = CB772FF82AEB9176000F0C43 /* Products */;
			projectDirPath = "";
			projectRoot = "";
			targets = (
				CB772FF62AEB9176000F0C43 /* TestApp */,
				CB7730112AEB9177000F0C43 /* TestAppTests */,
				CB77301B2AEB9177000F0C43 /* TestAppUITests */,
				CB7730542AEF9D5F000F0C43 /* TestAppUnitTests */,
			);
		};
/* End PBXProject section */

/* Begin PBXResourcesBuildPhase section */
		CB772FF52AEB9176000F0C43 /* Resources */ = {
			isa = PBXResourcesBuildPhase;
			buildActionMask = 2147483647;
			files = (
				CB77300A2AEB9177000F0C43 /* LaunchScreen.storyboard in Resources */,
				CB7730072AEB9177000F0C43 /* Assets.xcassets in Resources */,
				CB7730052AEB9176000F0C43 /* Main.storyboard in Resources */,
			);
			runOnlyForDeploymentPostprocessing = 0;
		};
		CB7730102AEB9177000F0C43 /* Resources */ = {
			isa = PBXResourcesBuildPhase;
			buildActionMask = 2147483647;
			files = (
				CB7730502AEF8BA4000F0C43 /* README.md in Resources */,
				CB77304E2AEF8922000F0C43 /* Podfile in Resources */,
			);
			runOnlyForDeploymentPostprocessing = 0;
		};
		CB77301A2AEB9177000F0C43 /* Resources */ = {
			isa = PBXResourcesBuildPhase;
			buildActionMask = 2147483647;
			files = (
			);
			runOnlyForDeploymentPostprocessing = 0;
		};
		CB7730532AEF9D5F000F0C43 /* Resources */ = {
			isa = PBXResourcesBuildPhase;
			buildActionMask = 2147483647;
			files = (
			);
			runOnlyForDeploymentPostprocessing = 0;
		};
/* End PBXResourcesBuildPhase section */

/* Begin PBXShellScriptBuildPhase section */
		CF81CA758D8AC850C72A4C0D /* [CP] Check Pods Manifest.lock */ = {
			isa = PBXShellScriptBuildPhase;
			buildActionMask = 2147483647;
			files = (
			);
			inputFileListPaths = (
			);
			inputPaths = (
				"${PODS_PODFILE_DIR_PATH}/Podfile.lock",
				"${PODS_ROOT}/Manifest.lock",
			);
			name = "[CP] Check Pods Manifest.lock";
			outputFileListPaths = (
			);
			outputPaths = (
				"$(DERIVED_FILE_DIR)/Pods-TestAppUnitTests-checkManifestLockResult.txt",
			);
			runOnlyForDeploymentPostprocessing = 0;
			shellPath = /bin/sh;
			shellScript = "diff \"${PODS_PODFILE_DIR_PATH}/Podfile.lock\" \"${PODS_ROOT}/Manifest.lock\" > /dev/null\nif [ $? != 0 ] ; then\n    # print error to STDERR\n    echo \"error: The sandbox is not in sync with the Podfile.lock. Run 'pod install' or update your CocoaPods installation.\" >&2\n    exit 1\nfi\n# This output is used by Xcode 'outputs' to avoid re-running this script phase.\necho \"SUCCESS\" > \"${SCRIPT_OUTPUT_FILE_0}\"\n";
			showEnvVarsInLog = 0;
		};
		F018DBAD1F63EF9BF45D93C2 /* [CP] Check Pods Manifest.lock */ = {
			isa = PBXShellScriptBuildPhase;
			buildActionMask = 2147483647;
			files = (
			);
			inputFileListPaths = (
			);
			inputPaths = (
				"${PODS_PODFILE_DIR_PATH}/Podfile.lock",
				"${PODS_ROOT}/Manifest.lock",
			);
			name = "[CP] Check Pods Manifest.lock";
			outputFileListPaths = (
			);
			outputPaths = (
				"$(DERIVED_FILE_DIR)/Pods-TestAppTests-checkManifestLockResult.txt",
			);
			runOnlyForDeploymentPostprocessing = 0;
			shellPath = /bin/sh;
			shellScript = "diff \"${PODS_PODFILE_DIR_PATH}/Podfile.lock\" \"${PODS_ROOT}/Manifest.lock\" > /dev/null\nif [ $? != 0 ] ; then\n    # print error to STDERR\n    echo \"error: The sandbox is not in sync with the Podfile.lock. Run 'pod install' or update your CocoaPods installation.\" >&2\n    exit 1\nfi\n# This output is used by Xcode 'outputs' to avoid re-running this script phase.\necho \"SUCCESS\" > \"${SCRIPT_OUTPUT_FILE_0}\"\n";
			showEnvVarsInLog = 0;
		};
/* End PBXShellScriptBuildPhase section */

/* Begin PBXSourcesBuildPhase section */
		CB772FF32AEB9176000F0C43 /* Sources */ = {
			isa = PBXSourcesBuildPhase;
			buildActionMask = 2147483647;
			files = (
				CB7730022AEB9176000F0C43 /* ViewController.m in Sources */,
				CB772FFC2AEB9176000F0C43 /* AppDelegate.m in Sources */,
				CB77300D2AEB9177000F0C43 /* main.m in Sources */,
				CB772FFF2AEB9176000F0C43 /* SceneDelegate.m in Sources */,
			);
			runOnlyForDeploymentPostprocessing = 0;
		};
		CB77300E2AEB9177000F0C43 /* Sources */ = {
			isa = PBXSourcesBuildPhase;
			buildActionMask = 2147483647;
			files = (
				CB7730172AEB9177000F0C43 /* TestAppDemoTests.m in Sources */,
			);
			runOnlyForDeploymentPostprocessing = 0;
		};
		CB7730182AEB9177000F0C43 /* Sources */ = {
			isa = PBXSourcesBuildPhase;
			buildActionMask = 2147483647;
			files = (
			);
			runOnlyForDeploymentPostprocessing = 0;
		};
		CB7730512AEF9D5F000F0C43 /* Sources */ = {
			isa = PBXSourcesBuildPhase;
			buildActionMask = 2147483647;
			files = (
				CB7730582AEF9D5F000F0C43 /* TestAppUnitTests.m in Sources */,
			);
			runOnlyForDeploymentPostprocessing = 0;
		};
/* End PBXSourcesBuildPhase section */

/* Begin PBXTargetDependency section */
		CB7730142AEB9177000F0C43 /* PBXTargetDependency */ = {
			isa = PBXTargetDependency;
			target = CB772FF62AEB9176000F0C43 /* TestApp */;
			targetProxy = CB7730132AEB9177000F0C43 /* PBXContainerItemProxy */;
		};
		CB77301E2AEB9177000F0C43 /* PBXTargetDependency */ = {
			isa = PBXTargetDependency;
			target = CB772FF62AEB9176000F0C43 /* TestApp */;
			targetProxy = CB77301D2AEB9177000F0C43 /* PBXContainerItemProxy */;
		};
		CB77305A2AEF9D5F000F0C43 /* PBXTargetDependency */ = {
			isa = PBXTargetDependency;
			target = CB772FF62AEB9176000F0C43 /* TestApp */;
			targetProxy = CB7730592AEF9D5F000F0C43 /* PBXContainerItemProxy */;
		};
/* End PBXTargetDependency section */

/* Begin PBXVariantGroup section */
		CB7730032AEB9176000F0C43 /* Main.storyboard */ = {
			isa = PBXVariantGroup;
			children = (
				CB7730042AEB9176000F0C43 /* Base */,
			);
			name = Main.storyboard;
			sourceTree = "<group>";
		};
		CB7730082AEB9177000F0C43 /* LaunchScreen.storyboard */ = {
			isa = PBXVariantGroup;
			children = (
				CB7730092AEB9177000F0C43 /* Base */,
			);
			name = LaunchScreen.storyboard;
			sourceTree = "<group>";
		};
/* End PBXVariantGroup section */

/* Begin XCBuildConfiguration section */
		CB7730242AEB9177000F0C43 /* Debug */ = {
			isa = XCBuildConfiguration;
			buildSettings = {
				ALWAYS_SEARCH_USER_PATHS = NO;
				CLANG_ANALYZER_NONNULL = YES;
				CLANG_ANALYZER_NUMBER_OBJECT_CONVERSION = YES_AGGRESSIVE;
				CLANG_CXX_LANGUAGE_STANDARD = "gnu++17";
				CLANG_ENABLE_MODULES = YES;
				CLANG_ENABLE_OBJC_ARC = YES;
				CLANG_ENABLE_OBJC_WEAK = YES;
				CLANG_WARN_BLOCK_CAPTURE_AUTORELEASING = YES;
				CLANG_WARN_BOOL_CONVERSION = YES;
				CLANG_WARN_COMMA = YES;
				CLANG_WARN_CONSTANT_CONVERSION = YES;
				CLANG_WARN_DEPRECATED_OBJC_IMPLEMENTATIONS = YES;
				CLANG_WARN_DIRECT_OBJC_ISA_USAGE = YES_ERROR;
				CLANG_WARN_DOCUMENTATION_COMMENTS = YES;
				CLANG_WARN_EMPTY_BODY = YES;
				CLANG_WARN_ENUM_CONVERSION = YES;
				CLANG_WARN_INFINITE_RECURSION = YES;
				CLANG_WARN_INT_CONVERSION = YES;
				CLANG_WARN_NON_LITERAL_NULL_CONVERSION = YES;
				CLANG_WARN_OBJC_IMPLICIT_RETAIN_SELF = YES;
				CLANG_WARN_OBJC_LITERAL_CONVERSION = YES;
				CLANG_WARN_OBJC_ROOT_CLASS = YES_ERROR;
				CLANG_WARN_QUOTED_INCLUDE_IN_FRAMEWORK_HEADER = YES;
				CLANG_WARN_RANGE_LOOP_ANALYSIS = YES;
				CLANG_WARN_STRICT_PROTOTYPES = YES;
				CLANG_WARN_SUSPICIOUS_MOVE = YES;
				CLANG_WARN_UNGUARDED_AVAILABILITY = YES_AGGRESSIVE;
				CLANG_WARN_UNREACHABLE_CODE = YES;
				CLANG_WARN__DUPLICATE_METHOD_MATCH = YES;
				COPY_PHASE_STRIP = NO;
				DEBUG_INFORMATION_FORMAT = dwarf;
				ENABLE_STRICT_OBJC_MSGSEND = YES;
				ENABLE_TESTABILITY = YES;
				GCC_C_LANGUAGE_STANDARD = gnu11;
				GCC_DYNAMIC_NO_PIC = NO;
				GCC_NO_COMMON_BLOCKS = YES;
				GCC_OPTIMIZATION_LEVEL = 0;
				GCC_PREPROCESSOR_DEFINITIONS = (
					"DEBUG=1",
					"$(inherited)",
				);
				GCC_WARN_64_TO_32_BIT_CONVERSION = YES;
				GCC_WARN_ABOUT_RETURN_TYPE = YES_ERROR;
				GCC_WARN_UNDECLARED_SELECTOR = YES;
				GCC_WARN_UNINITIALIZED_AUTOS = YES_AGGRESSIVE;
				GCC_WARN_UNUSED_FUNCTION = YES;
				GCC_WARN_UNUSED_VARIABLE = YES;
				IPHONEOS_DEPLOYMENT_TARGET = 15.5;
				MTL_ENABLE_DEBUG_INFO = INCLUDE_SOURCE;
				MTL_FAST_MATH = YES;
				ONLY_ACTIVE_ARCH = YES;
				SDKROOT = iphoneos;
			};
			name = Debug;
		};
		CB7730252AEB9177000F0C43 /* Release */ = {
			isa = XCBuildConfiguration;
			buildSettings = {
				ALWAYS_SEARCH_USER_PATHS = NO;
				CLANG_ANALYZER_NONNULL = YES;
				CLANG_ANALYZER_NUMBER_OBJECT_CONVERSION = YES_AGGRESSIVE;
				CLANG_CXX_LANGUAGE_STANDARD = "gnu++17";
				CLANG_ENABLE_MODULES = YES;
				CLANG_ENABLE_OBJC_ARC = YES;
				CLANG_ENABLE_OBJC_WEAK = YES;
				CLANG_WARN_BLOCK_CAPTURE_AUTORELEASING = YES;
				CLANG_WARN_BOOL_CONVERSION = YES;
				CLANG_WARN_COMMA = YES;
				CLANG_WARN_CONSTANT_CONVERSION = YES;
				CLANG_WARN_DEPRECATED_OBJC_IMPLEMENTATIONS = YES;
				CLANG_WARN_DIRECT_OBJC_ISA_USAGE = YES_ERROR;
				CLANG_WARN_DOCUMENTATION_COMMENTS = YES;
				CLANG_WARN_EMPTY_BODY = YES;
				CLANG_WARN_ENUM_CONVERSION = YES;
				CLANG_WARN_INFINITE_RECURSION = YES;
				CLANG_WARN_INT_CONVERSION = YES;
				CLANG_WARN_NON_LITERAL_NULL_CONVERSION = YES;
				CLANG_WARN_OBJC_IMPLICIT_RETAIN_SELF = YES;
				CLANG_WARN_OBJC_LITERAL_CONVERSION = YES;
				CLANG_WARN_OBJC_ROOT_CLASS = YES_ERROR;
				CLANG_WARN_QUOTED_INCLUDE_IN_FRAMEWORK_HEADER = YES;
				CLANG_WARN_RANGE_LOOP_ANALYSIS = YES;
				CLANG_WARN_STRICT_PROTOTYPES = YES;
				CLANG_WARN_SUSPICIOUS_MOVE = YES;
				CLANG_WARN_UNGUARDED_AVAILABILITY = YES_AGGRESSIVE;
				CLANG_WARN_UNREACHABLE_CODE = YES;
				CLANG_WARN__DUPLICATE_METHOD_MATCH = YES;
				COPY_PHASE_STRIP = NO;
				DEBUG_INFORMATION_FORMAT = "dwarf-with-dsym";
				ENABLE_NS_ASSERTIONS = NO;
				ENABLE_STRICT_OBJC_MSGSEND = YES;
				GCC_C_LANGUAGE_STANDARD = gnu11;
				GCC_NO_COMMON_BLOCKS = YES;
				GCC_WARN_64_TO_32_BIT_CONVERSION = YES;
				GCC_WARN_ABOUT_RETURN_TYPE = YES_ERROR;
				GCC_WARN_UNDECLARED_SELECTOR = YES;
				GCC_WARN_UNINITIALIZED_AUTOS = YES_AGGRESSIVE;
				GCC_WARN_UNUSED_FUNCTION = YES;
				GCC_WARN_UNUSED_VARIABLE = YES;
				IPHONEOS_DEPLOYMENT_TARGET = 15.5;
				MTL_ENABLE_DEBUG_INFO = NO;
				MTL_FAST_MATH = YES;
				SDKROOT = iphoneos;
				VALIDATE_PRODUCT = YES;
			};
			name = Release;
		};
		CB7730272AEB9177000F0C43 /* Debug */ = {
			isa = XCBuildConfiguration;
			buildSettings = {
				ASSETCATALOG_COMPILER_APPICON_NAME = AppIcon;
				ASSETCATALOG_COMPILER_GLOBAL_ACCENT_COLOR_NAME = AccentColor;
				CODE_SIGN_STYLE = Automatic;
				CURRENT_PROJECT_VERSION = 1;
				DEVELOPMENT_TEAM = DCM8Y9779K;
				GENERATE_INFOPLIST_FILE = YES;
				INFOPLIST_FILE = TestApp/Info.plist;
				INFOPLIST_KEY_CFBundleDisplayName = TestApp;
				INFOPLIST_KEY_UIApplicationSupportsIndirectInputEvents = YES;
				INFOPLIST_KEY_UILaunchStoryboardName = LaunchScreen;
				INFOPLIST_KEY_UIMainStoryboardFile = Main;
				INFOPLIST_KEY_UISupportedInterfaceOrientations_iPad = "UIInterfaceOrientationPortrait UIInterfaceOrientationPortraitUpsideDown UIInterfaceOrientationLandscapeLeft UIInterfaceOrientationLandscapeRight";
				INFOPLIST_KEY_UISupportedInterfaceOrientations_iPhone = "UIInterfaceOrientationPortrait UIInterfaceOrientationLandscapeLeft UIInterfaceOrientationLandscapeRight";
				LD_RUNPATH_SEARCH_PATHS = (
					"$(inherited)",
					"@executable_path/Frameworks",
				);
				MARKETING_VERSION = 1.0;
				PRODUCT_BUNDLE_IDENTIFIER = com.jidu.TestApp;
				PRODUCT_NAME = "$(TARGET_NAME)";
				SWIFT_EMIT_LOC_STRINGS = YES;
				TARGETED_DEVICE_FAMILY = "1,2";
			};
			name = Debug;
		};
		CB7730282AEB9177000F0C43 /* Release */ = {
			isa = XCBuildConfiguration;
			buildSettings = {
				ASSETCATALOG_COMPILER_APPICON_NAME = AppIcon;
				ASSETCATALOG_COMPILER_GLOBAL_ACCENT_COLOR_NAME = AccentColor;
				CODE_SIGN_STYLE = Automatic;
				CURRENT_PROJECT_VERSION = 1;
				DEVELOPMENT_TEAM = DCM8Y9779K;
				GENERATE_INFOPLIST_FILE = YES;
				INFOPLIST_FILE = TestApp/Info.plist;
				INFOPLIST_KEY_CFBundleDisplayName = TestApp;
				INFOPLIST_KEY_UIApplicationSupportsIndirectInputEvents = YES;
				INFOPLIST_KEY_UILaunchStoryboardName = LaunchScreen;
				INFOPLIST_KEY_UIMainStoryboardFile = Main;
				INFOPLIST_KEY_UISupportedInterfaceOrientations_iPad = "UIInterfaceOrientationPortrait UIInterfaceOrientationPortraitUpsideDown UIInterfaceOrientationLandscapeLeft UIInterfaceOrientationLandscapeRight";
				INFOPLIST_KEY_UISupportedInterfaceOrientations_iPhone = "UIInterfaceOrientationPortrait UIInterfaceOrientationLandscapeLeft UIInterfaceOrientationLandscapeRight";
				LD_RUNPATH_SEARCH_PATHS = (
					"$(inherited)",
					"@executable_path/Frameworks",
				);
				MARKETING_VERSION = 1.0;
				PRODUCT_BUNDLE_IDENTIFIER = com.jidu.TestApp;
				PRODUCT_NAME = "$(TARGET_NAME)";
				SWIFT_EMIT_LOC_STRINGS = YES;
				TARGETED_DEVICE_FAMILY = "1,2";
			};
			name = Release;
		};
		CB77302A2AEB9177000F0C43 /* Debug */ = {
			isa = XCBuildConfiguration;
			baseConfigurationReference = EE790568CE25D271CF2D6B45 /* Pods-TestAppTests.debug.xcconfig */;
			buildSettings = {
				BUNDLE_LOADER = "$(TEST_HOST)";
				CODE_SIGN_STYLE = Automatic;
				CURRENT_PROJECT_VERSION = 1;
				DEVELOPMENT_TEAM = DCM8Y9779K;
				GENERATE_INFOPLIST_FILE = YES;
				IPHONEOS_DEPLOYMENT_TARGET = 15.5;
				LIBRARY_SEARCH_PATHS = (
					"$(inherited)",
					"\"${PODS_CONFIGURATION_BUILD_DIR}/TestCaseCollector\"",
				);
				MARKETING_VERSION = 1.0;
				OTHER_LDFLAGS = (
					"$(inherited)",
					"-ObjC",
				);
				PRODUCT_BUNDLE_IDENTIFIER = com.jidu.TestAppTests;
				PRODUCT_NAME = "$(TARGET_NAME)";
				SWIFT_EMIT_LOC_STRINGS = NO;
				TARGETED_DEVICE_FAMILY = "1,2";
				TEST_HOST = "$(BUILT_PRODUCTS_DIR)/TestApp.app/TestApp";
			};
			name = Debug;
		};
		CB77302B2AEB9177000F0C43 /* Release */ = {
			isa = XCBuildConfiguration;
			baseConfigurationReference = 2488F58574095C26ED028C86 /* Pods-TestAppTests.release.xcconfig */;
			buildSettings = {
				BUNDLE_LOADER = "$(TEST_HOST)";
				CODE_SIGN_STYLE = Automatic;
				CURRENT_PROJECT_VERSION = 1;
				DEVELOPMENT_TEAM = DCM8Y9779K;
				GENERATE_INFOPLIST_FILE = YES;
				IPHONEOS_DEPLOYMENT_TARGET = 15.5;
				LIBRARY_SEARCH_PATHS = (
					"$(inherited)",
					"\"${PODS_CONFIGURATION_BUILD_DIR}/TestCaseCollector\"",
				);
				MARKETING_VERSION = 1.0;
				OTHER_LDFLAGS = (
					"$(inherited)",
					"-ObjC",
				);
				PRODUCT_BUNDLE_IDENTIFIER = com.jidu.TestAppTests;
				PRODUCT_NAME = "$(TARGET_NAME)";
				SWIFT_EMIT_LOC_STRINGS = NO;
				TARGETED_DEVICE_FAMILY = "1,2";
				TEST_HOST = "$(BUILT_PRODUCTS_DIR)/TestApp.app/TestApp";
			};
			name = Release;
		};
		CB77302D2AEB9177000F0C43 /* Debug */ = {
			isa = XCBuildConfiguration;
			buildSettings = {
				CODE_SIGN_STYLE = Automatic;
				CURRENT_PROJECT_VERSION = 1;
				DEVELOPMENT_TEAM = DCM8Y9779K;
				GENERATE_INFOPLIST_FILE = YES;
				MARKETING_VERSION = 1.0;
				PRODUCT_BUNDLE_IDENTIFIER = com.jidu.TestAppUITests;
				PRODUCT_NAME = "$(TARGET_NAME)";
				SWIFT_EMIT_LOC_STRINGS = NO;
				TARGETED_DEVICE_FAMILY = "1,2";
				TEST_TARGET_NAME = TestApp;
			};
			name = Debug;
		};
		CB77302E2AEB9177000F0C43 /* Release */ = {
			isa = XCBuildConfiguration;
			buildSettings = {
				CODE_SIGN_STYLE = Automatic;
				CURRENT_PROJECT_VERSION = 1;
				DEVELOPMENT_TEAM = DCM8Y9779K;
				GENERATE_INFOPLIST_FILE = YES;
				MARKETING_VERSION = 1.0;
				PRODUCT_BUNDLE_IDENTIFIER = com.jidu.TestAppUITests;
				PRODUCT_NAME = "$(TARGET_NAME)";
				SWIFT_EMIT_LOC_STRINGS = NO;
				TARGETED_DEVICE_FAMILY = "1,2";
				TEST_TARGET_NAME = TestApp;
			};
			name = Release;
		};
		CB77305C2AEF9D5F000F0C43 /* Debug */ = {
			isa = XCBuildConfiguration;
			baseConfigurationReference = 04B346701F5C5015286DFD0E /* Pods-TestAppUnitTests.debug.xcconfig */;
			buildSettings = {
				BUNDLE_LOADER = "$(TEST_HOST)";
				CODE_SIGN_STYLE = Automatic;
				CURRENT_PROJECT_VERSION = 1;
				DEVELOPMENT_TEAM = DCM8Y9779K;
				GENERATE_INFOPLIST_FILE = YES;
				MARKETING_VERSION = 1.0;
				PRODUCT_BUNDLE_IDENTIFIER = com.jidu.TestAppUnitTests;
				PRODUCT_NAME = "$(TARGET_NAME)";
				SWIFT_EMIT_LOC_STRINGS = NO;
				TARGETED_DEVICE_FAMILY = "1,2";
				TEST_HOST = "$(BUILT_PRODUCTS_DIR)/TestApp.app/TestApp";
			};
			name = Debug;
		};
		CB77305D2AEF9D5F000F0C43 /* Release */ = {
			isa = XCBuildConfiguration;
			baseConfigurationReference = 7D72A92E448A88171E09971E /* Pods-TestAppUnitTests.release.xcconfig */;
			buildSettings = {
				BUNDLE_LOADER = "$(TEST_HOST)";
				CODE_SIGN_STYLE = Automatic;
				CURRENT_PROJECT_VERSION = 1;
				DEVELOPMENT_TEAM = DCM8Y9779K;
				GENERATE_INFOPLIST_FILE = YES;
				MARKETING_VERSION = 1.0;
				PRODUCT_BUNDLE_IDENTIFIER = com.jidu.TestAppUnitTests;
				PRODUCT_NAME = "$(TARGET_NAME)";
				SWIFT_EMIT_LOC_STRINGS = NO;
				TARGETED_DEVICE_FAMILY = "1,2";
				TEST_HOST = "$(BUILT_PRODUCTS_DIR)/TestApp.app/TestApp";
			};
			name = Release;
		};
/* End XCBuildConfiguration section */

/* Begin XCConfigurationList section */
		CB772FF22AEB9176000F0C43 /* Build configuration list for PBXProject "TestApp" */ = {
			isa = XCConfigurationList;
			buildConfigurations = (
				CB7730242AEB9177000F0C43 /* Debug */,
				CB7730252AEB9177000F0C43 /* Release */,
			);
			defaultConfigurationIsVisible = 0;
			defaultConfigurationName = Release;
		};
		CB7730262AEB9177000F0C43 /* Build configuration list for PBXNativeTarget "TestApp" */ = {
			isa = XCConfigurationList;
			buildConfigurations = (
				CB7730272AEB9177000F0C43 /* Debug */,
				CB7730282AEB9177000F0C43 /* Release */,
			);
			defaultConfigurationIsVisible = 0;
			defaultConfigurationName = Release;
		};
		CB7730292AEB9177000F0C43 /* Build configuration list for PBXNativeTarget "TestAppTests" */ = {
			isa = XCConfigurationList;
			buildConfigurations = (
				CB77302A2AEB9177000F0C43 /* Debug */,
				CB77302B2AEB9177000F0C43 /* Release */,
			);
			defaultConfigurationIsVisible = 0;
			defaultConfigurationName = Release;
		};
		CB77302C2AEB9177000F0C43 /* Build configuration list for PBXNativeTarget "TestAppUITests" */ = {
			isa = XCConfigurationList;
			buildConfigurations = (
				CB77302D2AEB9177000F0C43 /* Debug */,
				CB77302E2AEB9177000F0C43 /* Release */,
			);
			defaultConfigurationIsVisible = 0;
			defaultConfigurationName = Release;
		};
		CB77305B2AEF9D5F000F0C43 /* Build configuration list for PBXNativeTarget "TestAppUnitTests" */ = {
			isa = XCConfigurationList;
			buildConfigurations = (
				CB77305C2AEF9D5F000F0C43 /* Debug */,
				CB77305D2AEF9D5F000F0C43 /* Release */,
			);
			defaultConfigurationIsVisible = 0;
			defaultConfigurationName = Release;
		};
/* End XCConfigurationList section */
	};
	rootObject = CB772FEF2AEB9176000F0C43 /* Project object */;
}
